
Microsoft Visual Studio Solution File, Format Version 12.00
# Visual Studio 2013
VisualStudioVersion = 12.0.21005.1
MinimumVisualStudioVersion = 10.0.40219.1
Project("{FAE04EC0-301F-11D3-BF4B-00C04F79EFBC}") = "Problem9_MatrixOfNumbers", "Problem9_MatrixOfNumbers\Problem9_MatrixOfNumbers.csproj", "{9D403E2A-4FAA-4A56-8B74-F2A548F4F2DE}"
EndProject
Global
	GlobalSection(SolutionConfigurationPlatforms) = preSolution
		Debug|Any CPU = Debug|Any CPU
		Release|Any CPU = Release|Any CPU
	EndGlobalSection
	GlobalSection(ProjectConfigurationPlatforms) = postSolution
		{9D403E2A-4FAA-4A56-8B74-F2A548F4F2DE}.Debug|Any CPU.ActiveCfg = Debug|Any CPU
		{9D403E2A-4FAA-4A56-8B74-F2A548F4F2DE}.Debug|Any CPU.Build.0 = Debug|Any CPU
		{9D403E2A-4FAA-4A56-8B74-F2A548F4F2DE}.Release|Any CPU.ActiveCfg = Release|Any CPU
		{9D403E2A-4FAA-4A56-8B74-F2A548F4F2DE}.Release|Any CPU.Build.0 = Release|Any CPU
	EndGlobalSection
	GlobalSection(SolutionProperties) = preSolution
		HideSolutionNode = FALSE
	EndGlobalSection
EndGlobal
